
Microsoft Visual Studio Solution File, Format Version 12.00
Project("{FAE04EC0-301F-11D3-BF4B-00C04F79EFBC}") = "AotCommandLib", "src\AotCommandLib\AotCommandLib.csproj", "{F09EFA5F-6115-498D-ADB1-5E1616FA1C47}"
EndProject
Project("{FAE04EC0-301F-11D3-BF4B-00C04F79EFBC}") = "Demo", "src\Demo\Demo.csproj", "{1F039DFC-E249-4EE4-9CBD-545D2DA49902}"
EndProject
Global
	GlobalSection(ProjectConfigurationPlatforms) = postSolution
	    {F09EFA5F-6115-498D-ADB1-5E1616FA1C47}.Debug|Any CPU.ActiveCfg = Debug|Any CPU
        {F09EFA5F-6115-498D-ADB1-5E1616FA1C47}.Debug|Any CPU.Build.0 = Debug|Any CPU
        {F09EFA5F-6115-498D-ADB1-5E1616FA1C47}.Release|Any CPU.ActiveCfg = Release|Any CPU
        {F09EFA5F-6115-498D-ADB1-5E1616FA1C47}.Release|Any CPU.Build.0 = Release|Any CPU
        {1F039DFC-E249-4EE4-9CBD-545D2DA49902}.Debug|Any CPU.ActiveCfg = Debug|Any CPU
        {1F039DFC-E249-4EE4-9CBD-545D2DA49902}.Debug|Any CPU.Build.0 = Debug|Any CPU
        {1F039DFC-E249-4EE4-9CBD-545D2DA49902}.Release|Any CPU.ActiveCfg = Release|Any CPU
        {1F039DFC-E249-4EE4-9CBD-545D2DA49902}.Release|Any CPU.Build.0 = Release|Any CPU
	EndGlobalSection
	GlobalSection(SolutionConfigurationPlatforms) = preSolution
	    Debug|Any CPU = Debug|Any CPU
        Release|Any CPU = Release|Any CPU
	EndGlobalSection
EndGlobal
